
Microsoft Visual Studio Solution File, Format Version 12.00
# Visual Studio Version 16
VisualStudioVersion = 16.0.29509.3
MinimumVisualStudioVersion = 10.0.40219.1
Project("{FAE04EC0-301F-11D3-BF4B-00C04F79EFBC}") = "SalesWebMVC", "SalesWebMVC.csproj", "{EBF9DA55-4D5D-4CB2-989F-F81CDD1B91DD}"
EndProject
Global
	GlobalSection(SolutionConfigurationPlatforms) = preSolution
		Debug|Any CPU = Debug|Any CPU
		Release|Any CPU = Release|Any CPU
	EndGlobalSection
	GlobalSection(ProjectConfigurationPlatforms) = postSolution
		{EBF9DA55-4D5D-4CB2-989F-F81CDD1B91DD}.Debug|Any CPU.ActiveCfg = Debug|Any CPU
		{EBF9DA55-4D5D-4CB2-989F-F81CDD1B91DD}.Debug|Any CPU.Build.0 = Debug|Any CPU
		{EBF9DA55-4D5D-4CB2-989F-F81CDD1B91DD}.Release|Any CPU.ActiveCfg = Release|Any CPU
		{EBF9DA55-4D5D-4CB2-989F-F81CDD1B91DD}.Release|Any CPU.Build.0 = Release|Any CPU
	EndGlobalSection
	GlobalSection(SolutionProperties) = preSolution
		HideSolutionNode = FALSE
	EndGlobalSection
	GlobalSection(ExtensibilityGlobals) = postSolution
		SolutionGuid = {B0C65D00-3A80-4BBD-84A1-B0EA1CA71B98}
	EndGlobalSection
EndGlobal
